
Microsoft Visual Studio Solution File, Format Version 12.00
# Visual Studio 14
VisualStudioVersion = 14.0.24720.0
MinimumVisualStudioVersion = 10.0.40219.1
Project("{D954291E-2A0B-460D-934E-DC6B0785DB48}") = "TextArgs", "TextArgs\TextArgs.shproj", "{C512400F-0068-495B-99B8-32BE5300E75A}"
EndProject
Project("{FAE04EC0-301F-11D3-BF4B-00C04F79EFBC}") = "TextArgs.NET40", "TextArgs.NET40\TextArgs.NET40.csproj", "{A1D2DC1A-A63A-4072-BAE0-8A5BAFFC2ADB}"
EndProject
Project("{FAE04EC0-301F-11D3-BF4B-00C04F79EFBC}") = "TextArgs.Tests", "TextArgs.Tests\TextArgs.Tests.csproj", "{2E3DF5C2-8A38-4A03-86D7-8D463C917E47}"
EndProject
Project("{FAE04EC0-301F-11D3-BF4B-00C04F79EFBC}") = "TextArgs.Portable", "TextArgs.Portable\TextArgs.Portable.csproj", "{A7C81659-5080-442F-B64C-1A620F34791B}"
EndProject
Global
	GlobalSection(SharedMSBuildProjectFiles) = preSolution
		TextArgs\TextArgs.projitems*{a1d2dc1a-a63a-4072-bae0-8a5baffc2adb}*SharedItemsImports = 4
		TextArgs\TextArgs.projitems*{a7c81659-5080-442f-b64c-1a620f34791b}*SharedItemsImports = 4
		TextArgs\TextArgs.projitems*{c512400f-0068-495b-99b8-32be5300e75a}*SharedItemsImports = 13
	EndGlobalSection
	GlobalSection(SolutionConfigurationPlatforms) = preSolution
		Debug|Any CPU = Debug|Any CPU
		Release|Any CPU = Release|Any CPU
	EndGlobalSection
	GlobalSection(ProjectConfigurationPlatforms) = postSolution
		{A1D2DC1A-A63A-4072-BAE0-8A5BAFFC2ADB}.Debug|Any CPU.ActiveCfg = Debug|Any CPU
		{A1D2DC1A-A63A-4072-BAE0-8A5BAFFC2ADB}.Debug|Any CPU.Build.0 = Debug|Any CPU
		{A1D2DC1A-A63A-4072-BAE0-8A5BAFFC2ADB}.Release|Any CPU.ActiveCfg = Release|Any CPU
		{A1D2DC1A-A63A-4072-BAE0-8A5BAFFC2ADB}.Release|Any CPU.Build.0 = Release|Any CPU
		{2E3DF5C2-8A38-4A03-86D7-8D463C917E47}.Debug|Any CPU.ActiveCfg = Debug|Any CPU
		{2E3DF5C2-8A38-4A03-86D7-8D463C917E47}.Debug|Any CPU.Build.0 = Debug|Any CPU
		{2E3DF5C2-8A38-4A03-86D7-8D463C917E47}.Release|Any CPU.ActiveCfg = Release|Any CPU
		{2E3DF5C2-8A38-4A03-86D7-8D463C917E47}.Release|Any CPU.Build.0 = Release|Any CPU
		{A7C81659-5080-442F-B64C-1A620F34791B}.Debug|Any CPU.ActiveCfg = Debug|Any CPU
		{A7C81659-5080-442F-B64C-1A620F34791B}.Debug|Any CPU.Build.0 = Debug|Any CPU
		{A7C81659-5080-442F-B64C-1A620F34791B}.Release|Any CPU.ActiveCfg = Release|Any CPU
		{A7C81659-5080-442F-B64C-1A620F34791B}.Release|Any CPU.Build.0 = Release|Any CPU
	EndGlobalSection
	GlobalSection(SolutionProperties) = preSolution
		HideSolutionNode = FALSE
	EndGlobalSection
EndGlobal
